
Microsoft Visual Studio Solution File, Format Version 12.00
# Visual Studio Version 17
VisualStudioVersion = 17.11.35208.52
MinimumVisualStudioVersion = 10.0.40219.1
Project("{FAE04EC0-301F-11D3-BF4B-00C04F79EFBC}") = "WebApplication1AGRO", "WebApplication1AGRO\WebApplication1AGRO.csproj", "{94722102-93A6-4739-BE43-228097437525}"
EndProject
Global
	GlobalSection(SolutionConfigurationPlatforms) = preSolution
		Debug|Any CPU = Debug|Any CPU
		Release|Any CPU = Release|Any CPU
	EndGlobalSection
	GlobalSection(ProjectConfigurationPlatforms) = postSolution
		{94722102-93A6-4739-BE43-228097437525}.Debug|Any CPU.ActiveCfg = Debug|Any CPU
		{94722102-93A6-4739-BE43-228097437525}.Debug|Any CPU.Build.0 = Debug|Any CPU
		{94722102-93A6-4739-BE43-228097437525}.Release|Any CPU.ActiveCfg = Release|Any CPU
		{94722102-93A6-4739-BE43-228097437525}.Release|Any CPU.Build.0 = Release|Any CPU
	EndGlobalSection
	GlobalSection(SolutionProperties) = preSolution
		HideSolutionNode = FALSE
	EndGlobalSection
	GlobalSection(ExtensibilityGlobals) = postSolution
		SolutionGuid = {4A5BC26A-69CB-4796-B4B6-04A4C6AFC905}
	EndGlobalSection
EndGlobal
